// !$*UTF8*$!
{
	archiveVersion = 1;
	classes = {
	};
	objectVersion = 48;
	objects = {

/* Begin PBXBuildFile section */
		FDA034D81FC3468E0041C93B /* AppDelegate.swift in Sources */ = {isa = PBXBuildFile; fileRef = FDA034D71FC3468E0041C93B /* AppDelegate.swift */; };
		FDA034DA1FC3468E0041C93B /* ViewController.swift in Sources */ = {isa = PBXBuildFile; fileRef = FDA034D91FC3468E0041C93B /* ViewController.swift */; };
		FDA034DD1FC3468E0041C93B /* Main.storyboard in Resources */ = {isa = PBXBuildFile; fileRef = FDA034DB1FC3468E0041C93B /* Main.storyboard */; };
		FDA034E01FC3468E0041C93B /* sound_e_scape3.xcdatamodeld in Sources */ = {isa = PBXBuildFile; fileRef = FDA034DE1FC3468E0041C93B /* sound_e_scape3.xcdatamodeld */; };
		FDA034E21FC3468E0041C93B /* Assets.xcassets in Resources */ = {isa = PBXBuildFile; fileRef = FDA034E11FC3468E0041C93B /* Assets.xcassets */; };
		FDA034E51FC3468E0041C93B /* LaunchScreen.storyboard in Resources */ = {isa = PBXBuildFile; fileRef = FDA034E31FC3468E0041C93B /* LaunchScreen.storyboard */; };
		FDA034F01FC3468E0041C93B /* sound_e_scape3Tests.swift in Sources */ = {isa = PBXBuildFile; fileRef = FDA034EF1FC3468E0041C93B /* sound_e_scape3Tests.swift */; };
		FDA034FB1FC3468E0041C93B /* sound_e_scape3UITests.swift in Sources */ = {isa = PBXBuildFile; fileRef = FDA034FA1FC3468E0041C93B /* sound_e_scape3UITests.swift */; };
		FDA0350B1FC3E4CF0041C93B /* ArchiveViewController.swift in Sources */ = {isa = PBXBuildFile; fileRef = FDA0350A1FC3E4CF0041C93B /* ArchiveViewController.swift */; };
		FDA0350D1FC3E4FB0041C93B /* NotationViewController.swift in Sources */ = {isa = PBXBuildFile; fileRef = FDA0350C1FC3E4FB0041C93B /* NotationViewController.swift */; };
		FDA0350F1FC3E50E0041C93B /* ScoreViewController.swift in Sources */ = {isa = PBXBuildFile; fileRef = FDA0350E1FC3E50E0041C93B /* ScoreViewController.swift */; };
		FDA035111FC3E5240041C93B /* IndexViewController.swift in Sources */ = {isa = PBXBuildFile; fileRef = FDA035101FC3E5240041C93B /* IndexViewController.swift */; };
/* End PBXBuildFile section */

/* Begin PBXContainerItemProxy section */
		FDA034EC1FC3468E0041C93B /* PBXContainerItemProxy */ = {
			isa = PBXContainerItemProxy;
			containerPortal = FDA034CC1FC3468E0041C93B /* Project object */;
			proxyType = 1;
			remoteGlobalIDString = FDA034D31FC3468E0041C93B;
			remoteInfo = "sound(e)scape3";
		};
		FDA034F71FC3468E0041C93B /* PBXContainerItemProxy */ = {
			isa = PBXContainerItemProxy;
			containerPortal = FDA034CC1FC3468E0041C93B /* Project object */;
			proxyType = 1;
			remoteGlobalIDString = FDA034D31FC3468E0041C93B;
			remoteInfo = "sound(e)scape3";
		};
/* End PBXContainerItemProxy section */

/* Begin PBXFileReference section */
		FDA034D41FC3468E0041C93B /* sound(e)scape3.app */ = {isa = PBXFileReference; explicitFileType = wrapper.application; includeInIndex = 0; path = "sound(e)scape3.app"; sourceTree = BUILT_PRODUCTS_DIR; };
		FDA034D71FC3468E0041C93B /* AppDelegate.swift */ = {isa = PBXFileReference; lastKnownFileType = sourcecode.swift; path = AppDelegate.swift; sourceTree = "<group>"; };
		FDA034D91FC3468E0041C93B /* ViewController.swift */ = {isa = PBXFileReference; lastKnownFileType = sourcecode.swift; path = ViewController.swift; sourceTree = "<group>"; };
		FDA034DC1FC3468E0041C93B /* Base */ = {isa = PBXFileReference; lastKnownFileType = file.storyboard; name = Base; path = Base.lproj/Main.storyboard; sourceTree = "<group>"; };
		FDA034DF1FC3468E0041C93B /* sound_e_scape3.xcdatamodel */ = {isa = PBXFileReference; lastKnownFileType = wrapper.xcdatamodel; path = sound_e_scape3.xcdatamodel; sourceTree = "<group>"; };
		FDA034E11FC3468E0041C93B /* Assets.xcassets */ = {isa = PBXFileReference; lastKnownFileType = folder.assetcatalog; path = Assets.xcassets; sourceTree = "<group>"; };
		FDA034E41FC3468E0041C93B /* Base */ = {isa = PBXFileReference; lastKnownFileType = file.storyboard; name = Base; path = Base.lproj/LaunchScreen.storyboard; sourceTree = "<group>"; };
		FDA034E61FC3468E0041C93B /* Info.plist */ = {isa = PBXFileReference; lastKnownFileType = text.plist.xml; path = Info.plist; sourceTree = "<group>"; };
		FDA034EB1FC3468E0041C93B /* sound(e)scape3Tests.xctest */ = {isa = PBXFileReference; explicitFileType = wrapper.cfbundle; includeInIndex = 0; path = "sound(e)scape3Tests.xctest"; sourceTree = BUILT_PRODUCTS_DIR; };
		FDA034EF1FC3468E0041C93B /* sound_e_scape3Tests.swift */ = {isa = PBXFileReference; lastKnownFileType = sourcecode.swift; path = sound_e_scape3Tests.swift; sourceTree = "<group>"; };
		FDA034F11FC3468E0041C93B /* Info.plist */ = {isa = PBXFileReference; lastKnownFileType = text.plist.xml; path = Info.plist; sourceTree = "<group>"; };
		FDA034F61FC3468E0041C93B /* sound(e)scape3UITests.xctest */ = {isa = PBXFileReference; explicitFileType = wrapper.cfbundle; includeInIndex = 0; path = "sound(e)scape3UITests.xctest"; sourceTree = BUILT_PRODUCTS_DIR; };
		FDA034FA1FC3468E0041C93B /* sound_e_scape3UITests.swift */ = {isa = PBXFileReference; lastKnownFileType = sourcecode.swift; path = sound_e_scape3UITests.swift; sourceTree = "<group>"; };
		FDA034FC1FC3468E0041C93B /* Info.plist */ = {isa = PBXFileReference; lastKnownFileType = text.plist.xml; path = Info.plist; sourceTree = "<group>"; };
		FDA0350A1FC3E4CF0041C93B /* ArchiveViewController.swift */ = {isa = PBXFileReference; lastKnownFileType = sourcecode.swift; path = ArchiveViewController.swift; sourceTree = "<group>"; };
		FDA0350C1FC3E4FB0041C93B /* NotationViewController.swift */ = {isa = PBXFileReference; lastKnownFileType = sourcecode.swift; path = NotationViewController.swift; sourceTree = "<group>"; };
		FDA0350E1FC3E50E0041C93B /* ScoreViewController.swift */ = {isa = PBXFileReference; lastKnownFileType = sourcecode.swift; path = ScoreViewController.swift; sourceTree = "<group>"; };
		FDA035101FC3E5240041C93B /* IndexViewController.swift */ = {isa = PBXFileReference; lastKnownFileType = sourcecode.swift; path = IndexViewController.swift; sourceTree = "<group>"; };
/* End PBXFileReference section */

/* Begin PBXFrameworksBuildPhase section */
		FDA034D11FC3468E0041C93B /* Frameworks */ = {
			isa = PBXFrameworksBuildPhase;
			buildActionMask = 2147483647;
			files = (
			);
			runOnlyForDeploymentPostprocessing = 0;
		};
		FDA034E81FC3468E0041C93B /* Frameworks */ = {
			isa = PBXFrameworksBuildPhase;
			buildActionMask = 2147483647;
			files = (
			);
			runOnlyForDeploymentPostprocessing = 0;
		};
		FDA034F31FC3468E0041C93B /* Frameworks */ = {
			isa = PBXFrameworksBuildPhase;
			buildActionMask = 2147483647;
			files = (
			);
			runOnlyForDeploymentPostprocessing = 0;
		};
/* End PBXFrameworksBuildPhase section */

/* Begin PBXGroup section */
		FDA034CB1FC3468E0041C93B = {
			isa = PBXGroup;
			children = (
				FDA034D61FC3468E0041C93B /* sound(e)scape3 */,
				FDA034EE1FC3468E0041C93B /* sound(e)scape3Tests */,
				FDA034F91FC3468E0041C93B /* sound(e)scape3UITests */,
				FDA034D51FC3468E0041C93B /* Products */,
			);
			sourceTree = "<group>";
		};
		FDA034D51FC3468E0041C93B /* Products */ = {
			isa = PBXGroup;
			children = (
				FDA034D41FC3468E0041C93B /* sound(e)scape3.app */,
				FDA034EB1FC3468E0041C93B /* sound(e)scape3Tests.xctest */,
				FDA034F61FC3468E0041C93B /* sound(e)scape3UITests.xctest */,
			);
			name = Products;
			sourceTree = "<group>";
		};
		FDA034D61FC3468E0041C93B /* sound(e)scape3 */ = {
			isa = PBXGroup;
			children = (
				FDA034D71FC3468E0041C93B /* AppDelegate.swift */,
				FDA034D91FC3468E0041C93B /* ViewController.swift */,
				FDA0350A1FC3E4CF0041C93B /* ArchiveViewController.swift */,
				FDA0350C1FC3E4FB0041C93B /* NotationViewController.swift */,
				FDA0350E1FC3E50E0041C93B /* ScoreViewController.swift */,
				FDA035101FC3E5240041C93B /* IndexViewController.swift */,
				FDA034DB1FC3468E0041C93B /* Main.storyboard */,
				FDA034E11FC3468E0041C93B /* Assets.xcassets */,
				FDA034E31FC3468E0041C93B /* LaunchScreen.storyboard */,
				FDA034E61FC3468E0041C93B /* Info.plist */,
				FDA034DE1FC3468E0041C93B /* sound_e_scape3.xcdatamodeld */,
			);
			path = "sound(e)scape3";
			sourceTree = "<group>";
		};
		FDA034EE1FC3468E0041C93B /* sound(e)scape3Tests */ = {
			isa = PBXGroup;
			children = (
				FDA034EF1FC3468E0041C93B /* sound_e_scape3Tests.swift */,
				FDA034F11FC3468E0041C93B /* Info.plist */,
			);
			path = "sound(e)scape3Tests";
			sourceTree = "<group>";
		};
		FDA034F91FC3468E0041C93B /* sound(e)scape3UITests */ = {
			isa = PBXGroup;
			children = (
				FDA034FA1FC3468E0041C93B /* sound_e_scape3UITests.swift */,
				FDA034FC1FC3468E0041C93B /* Info.plist */,
			);
			path = "sound(e)scape3UITests";
			sourceTree = "<group>";
		};
/* End PBXGroup section */

/* Begin PBXNativeTarget section */
		FDA034D31FC3468E0041C93B /* sound(e)scape3 */ = {
			isa = PBXNativeTarget;
			buildConfigurationList = FDA034FF1FC3468E0041C93B /* Build configuration list for PBXNativeTarget "sound(e)scape3" */;
			buildPhases = (
				FDA034D01FC3468E0041C93B /* Sources */,
				FDA034D11FC3468E0041C93B /* Frameworks */,
				FDA034D21FC3468E0041C93B /* Resources */,
			);
			buildRules = (
			);
			dependencies = (
			);
			name = "sound(e)scape3";
			productName = "sound(e)scape3";
			productReference = FDA034D41FC3468E0041C93B /* sound(e)scape3.app */;
			productType = "com.apple.product-type.application";
		};
		FDA034EA1FC3468E0041C93B /* sound(e)scape3Tests */ = {
			isa = PBXNativeTarget;
			buildConfigurationList = FDA035021FC3468E0041C93B /* Build configuration list for PBXNativeTarget "sound(e)scape3Tests" */;
			buildPhases = (
				FDA034E71FC3468E0041C93B /* Sources */,
				FDA034E81FC3468E0041C93B /* Frameworks */,
				FDA034E91FC3468E0041C93B /* Resources */,
			);
			buildRules = (
			);
			dependencies = (
				FDA034ED1FC3468E0041C93B /* PBXTargetDependency */,
			);
			name = "sound(e)scape3Tests";
			productName = "sound(e)scape3Tests";
			productReference = FDA034EB1FC3468E0041C93B /* sound(e)scape3Tests.xctest */;
			productType = "com.apple.product-type.bundle.unit-test";
		};
		FDA034F51FC3468E0041C93B /* sound(e)scape3UITests */ = {
			isa = PBXNativeTarget;
			buildConfigurationList = FDA035051FC3468E0041C93B /* Build configuration list for PBXNativeTarget "sound(e)scape3UITests" */;
			buildPhases = (
				FDA034F21FC3468E0041C93B /* Sources */,
				FDA034F31FC3468E0041C93B /* Frameworks */,
				FDA034F41FC3468E0041C93B /* Resources */,
			);
			buildRules = (
			);
			dependencies = (
				FDA034F81FC3468E0041C93B /* PBXTargetDependency */,
			);
			name = "sound(e)scape3UITests";
			productName = "sound(e)scape3UITests";
			productReference = FDA034F61FC3468E0041C93B /* sound(e)scape3UITests.xctest */;
			productType = "com.apple.product-type.bundle.ui-testing";
		};
/* End PBXNativeTarget section */

/* Begin PBXProject section */
		FDA034CC1FC3468E0041C93B /* Project object */ = {
			isa = PBXProject;
			attributes = {
				LastSwiftUpdateCheck = 0910;
				LastUpgradeCheck = 0910;
				ORGANIZATIONNAME = obedcheung;
				TargetAttributes = {
					FDA034D31FC3468E0041C93B = {
						CreatedOnToolsVersion = 9.1;
						ProvisioningStyle = Automatic;
					};
					FDA034EA1FC3468E0041C93B = {
						CreatedOnToolsVersion = 9.1;
						ProvisioningStyle = Automatic;
						TestTargetID = FDA034D31FC3468E0041C93B;
					};
					FDA034F51FC3468E0041C93B = {
						CreatedOnToolsVersion = 9.1;
						ProvisioningStyle = Automatic;
						TestTargetID = FDA034D31FC3468E0041C93B;
					};
				};
			};
			buildConfigurationList = FDA034CF1FC3468E0041C93B /* Build configuration list for PBXProject "sound(e)scape3" */;
			compatibilityVersion = "Xcode 8.0";
			developmentRegion = en;
			hasScannedForEncodings = 0;
			knownRegions = (
				en,
				Base,
			);
			mainGroup = FDA034CB1FC3468E0041C93B;
			productRefGroup = FDA034D51FC3468E0041C93B /* Products */;
			projectDirPath = "";
			projectRoot = "";
			targets = (
				FDA034D31FC3468E0041C93B /* sound(e)scape3 */,
				FDA034EA1FC3468E0041C93B /* sound(e)scape3Tests */,
				FDA034F51FC3468E0041C93B /* sound(e)scape3UITests */,
			);
		};
/* End PBXProject section */

/* Begin PBXResourcesBuildPhase section */
		FDA034D21FC3468E0041C93B /* Resources */ = {
			isa = PBXResourcesBuildPhase;
			buildActionMask = 2147483647;
			files = (
				FDA034E51FC3468E0041C93B /* LaunchScreen.storyboard in Resources */,
				FDA034E21FC3468E0041C93B /* Assets.xcassets in Resources */,
				FDA034DD1FC3468E0041C93B /* Main.storyboard in Resources */,
			);
			runOnlyForDeploymentPostprocessing = 0;
		};
		FDA034E91FC3468E0041C93B /* Resources */ = {
			isa = PBXResourcesBuildPhase;
			buildActionMask = 2147483647;
			files = (
			);
			runOnlyForDeploymentPostprocessing = 0;
		};
		FDA034F41FC3468E0041C93B /* Resources */ = {
			isa = PBXResourcesBuildPhase;
			buildActionMask = 2147483647;
			files = (
			);
			runOnlyForDeploymentPostprocessing = 0;
		};
/* End PBXResourcesBuildPhase section */

/* Begin PBXSourcesBuildPhase section */
		FDA034D01FC3468E0041C93B /* Sources */ = {
			isa = PBXSourcesBuildPhase;
			buildActionMask = 2147483647;
			files = (
				FDA034DA1FC3468E0041C93B /* ViewController.swift in Sources */,
				FDA0350D1FC3E4FB0041C93B /* NotationViewController.swift in Sources */,
				FDA034E01FC3468E0041C93B /* sound_e_scape3.xcdatamodeld in Sources */,
				FDA0350B1FC3E4CF0041C93B /* ArchiveViewController.swift in Sources */,
				FDA034D81FC3468E0041C93B /* AppDelegate.swift in Sources */,
				FDA035111FC3E5240041C93B /* IndexViewController.swift in Sources */,
				FDA0350F1FC3E50E0041C93B /* ScoreViewController.swift in Sources */,
			);
			runOnlyForDeploymentPostprocessing = 0;
		};
		FDA034E71FC3468E0041C93B /* Sources */ = {
			isa = PBXSourcesBuildPhase;
			buildActionMask = 2147483647;
			files = (
				FDA034F01FC3468E0041C93B /* sound_e_scape3Tests.swift in Sources */,
			);
			runOnlyForDeploymentPostprocessing = 0;
		};
		FDA034F21FC3468E0041C93B /* Sources */ = {
			isa = PBXSourcesBuildPhase;
			buildActionMask = 2147483647;
			files = (
				FDA034FB1FC3468E0041C93B /* sound_e_scape3UITests.swift in Sources */,
			);
			runOnlyForDeploymentPostprocessing = 0;
		};
/* End PBXSourcesBuildPhase section */

/* Begin PBXTargetDependency section */
		FDA034ED1FC3468E0041C93B /* PBXTargetDependency */ = {
			isa = PBXTargetDependency;
			target = FDA034D31FC3468E0041C93B /* sound(e)scape3 */;
			targetProxy = FDA034EC1FC3468E0041C93B /* PBXContainerItemProxy */;
		};
		FDA034F81FC3468E0041C93B /* PBXTargetDependency */ = {
			isa = PBXTargetDependency;
			target = FDA034D31FC3468E0041C93B /* sound(e)scape3 */;
			targetProxy = FDA034F71FC3468E0041C93B /* PBXContainerItemProxy */;
		};
/* End PBXTargetDependency section */

/* Begin PBXVariantGroup section */
		FDA034DB1FC3468E0041C93B /* Main.storyboard */ = {
			isa = PBXVariantGroup;
			children = (
				FDA034DC1FC3468E0041C93B /* Base */,
			);
			name = Main.storyboard;
			sourceTree = "<group>";
		};
		FDA034E31FC3468E0041C93B /* LaunchScreen.storyboard */ = {
			isa = PBXVariantGroup;
			children = (
				FDA034E41FC3468E0041C93B /* Base */,
			);
			name = LaunchScreen.storyboard;
			sourceTree = "<group>";
		};
/* End PBXVariantGroup section */

/* Begin XCBuildConfiguration section */
		FDA034FD1FC3468E0041C93B /* Debug */ = {
			isa = XCBuildConfiguration;
			buildSettings = {
				ALWAYS_SEARCH_USER_PATHS = NO;
				CLANG_ANALYZER_NONNULL = YES;
				CLANG_ANALYZER_NUMBER_OBJECT_CONVERSION = YES_AGGRESSIVE;
				CLANG_CXX_LANGUAGE_STANDARD = "gnu++14";
				CLANG_CXX_LIBRARY = "libc++";
				CLANG_ENABLE_MODULES = YES;
				CLANG_ENABLE_OBJC_ARC = YES;
				CLANG_WARN_BLOCK_CAPTURE_AUTORELEASING = YES;
				CLANG_WARN_BOOL_CONVERSION = YES;
				CLANG_WARN_COMMA = YES;
				CLANG_WARN_CONSTANT_CONVERSION = YES;
				CLANG_WARN_DIRECT_OBJC_ISA_USAGE = YES_ERROR;
				CLANG_WARN_DOCUMENTATION_COMMENTS = YES;
				CLANG_WARN_EMPTY_BODY = YES;
				CLANG_WARN_ENUM_CONVERSION = YES;
				CLANG_WARN_INFINITE_RECURSION = YES;
				CLANG_WARN_INT_CONVERSION = YES;
				CLANG_WARN_NON_LITERAL_NULL_CONVERSION = YES;
				CLANG_WARN_OBJC_LITERAL_CONVERSION = YES;
				CLANG_WARN_OBJC_ROOT_CLASS = YES_ERROR;
				CLANG_WARN_RANGE_LOOP_ANALYSIS = YES;
				CLANG_WARN_STRICT_PROTOTYPES = YES;
				CLANG_WARN_SUSPICIOUS_MOVE = YES;
				CLANG_WARN_UNGUARDED_AVAILABILITY = YES_AGGRESSIVE;
				CLANG_WARN_UNREACHABLE_CODE = YES;
				CLANG_WARN__DUPLICATE_METHOD_MATCH = YES;
				CODE_SIGN_IDENTITY = "iPhone Developer";
				COPY_PHASE_STRIP = NO;
				DEBUG_INFORMATION_FORMAT = dwarf;
				ENABLE_STRICT_OBJC_MSGSEND = YES;
				ENABLE_TESTABILITY = YES;
				GCC_C_LANGUAGE_STANDARD = gnu11;
				GCC_DYNAMIC_NO_PIC = NO;
				GCC_NO_COMMON_BLOCKS = YES;
				GCC_OPTIMIZATION_LEVEL = 0;
				GCC_PREPROCESSOR_DEFINITIONS = (
					"DEBUG=1",
					"$(inherited)",
				);
				GCC_WARN_64_TO_32_BIT_CONVERSION = YES;
				GCC_WARN_ABOUT_RETURN_TYPE = YES_ERROR;
				GCC_WARN_UNDECLARED_SELECTOR = YES;
				GCC_WARN_UNINITIALIZED_AUTOS = YES_AGGRESSIVE;
				GCC_WARN_UNUSED_FUNCTION = YES;
				GCC_WARN_UNUSED_VARIABLE = YES;
				IPHONEOS_DEPLOYMENT_TARGET = 11.1;
				MTL_ENABLE_DEBUG_INFO = YES;
				ONLY_ACTIVE_ARCH = YES;
				SDKROOT = iphoneos;
				SWIFT_ACTIVE_COMPILATION_CONDITIONS = DEBUG;
				SWIFT_OPTIMIZATION_LEVEL = "-Onone";
			};
			name = Debug;
		};
		FDA034FE1FC3468E0041C93B /* Release */ = {
			isa = XCBuildConfiguration;
			buildSettings = {
				ALWAYS_SEARCH_USER_PATHS = NO;
				CLANG_ANALYZER_NONNULL = YES;
				CLANG_ANALYZER_NUMBER_OBJECT_CONVERSION = YES_AGGRESSIVE;
				CLANG_CXX_LANGUAGE_STANDARD = "gnu++14";
				CLANG_CXX_LIBRARY = "libc++";
				CLANG_ENABLE_MODULES = YES;
				CLANG_ENABLE_OBJC_ARC = YES;
				CLANG_WARN_BLOCK_CAPTURE_AUTORELEASING = YES;
				CLANG_WARN_BOOL_CONVERSION = YES;
				CLANG_WARN_COMMA = YES;
				CLANG_WARN_CONSTANT_CONVERSION = YES;
				CLANG_WARN_DIRECT_OBJC_ISA_USAGE = YES_ERROR;
				CLANG_WARN_DOCUMENTATION_COMMENTS = YES;
				CLANG_WARN_EMPTY_BODY = YES;
				CLANG_WARN_ENUM_CONVERSION = YES;
				CLANG_WARN_INFINITE_RECURSION = YES;
				CLANG_WARN_INT_CONVERSION = YES;
				CLANG_WARN_NON_LITERAL_NULL_CONVERSION = YES;
				CLANG_WARN_OBJC_LITERAL_CONVERSION = YES;
				CLANG_WARN_OBJC_ROOT_CLASS = YES_ERROR;
				CLANG_WARN_RANGE_LOOP_ANALYSIS = YES;
				CLANG_WARN_STRICT_PROTOTYPES = YES;
				CLANG_WARN_SUSPICIOUS_MOVE = YES;
				CLANG_WARN_UNGUARDED_AVAILABILITY = YES_AGGRESSIVE;
				CLANG_WARN_UNREACHABLE_CODE = YES;
				CLANG_WARN__DUPLICATE_METHOD_MATCH = YES;
				CODE_SIGN_IDENTITY = "iPhone Developer";
				COPY_PHASE_STRIP = NO;
				DEBUG_INFORMATION_FORMAT = "dwarf-with-dsym";
				ENABLE_NS_ASSERTIONS = NO;
				ENABLE_STRICT_OBJC_MSGSEND = YES;
				GCC_C_LANGUAGE_STANDARD = gnu11;
				GCC_NO_COMMON_BLOCKS = YES;
				GCC_WARN_64_TO_32_BIT_CONVERSION = YES;
				GCC_WARN_ABOUT_RETURN_TYPE = YES_ERROR;
				GCC_WARN_UNDECLARED_SELECTOR = YES;
				GCC_WARN_UNINITIALIZED_AUTOS = YES_AGGRESSIVE;
				GCC_WARN_UNUSED_FUNCTION = YES;
				GCC_WARN_UNUSED_VARIABLE = YES;
				IPHONEOS_DEPLOYMENT_TARGET = 11.1;
				MTL_ENABLE_DEBUG_INFO = NO;
				SDKROOT = iphoneos;
				SWIFT_OPTIMIZATION_LEVEL = "-Owholemodule";
				VALIDATE_PRODUCT = YES;
			};
			name = Release;
		};
		FDA035001FC3468E0041C93B /* Debug */ = {
			isa = XCBuildConfiguration;
			buildSettings = {
				ASSETCATALOG_COMPILER_APPICON_NAME = AppIcon;
				CODE_SIGN_STYLE = Automatic;
				INFOPLIST_FILE = "sound(e)scape3/Info.plist";
				LD_RUNPATH_SEARCH_PATHS = "$(inherited) @executable_path/Frameworks";
				PRODUCT_BUNDLE_IDENTIFIER = "obed.sound-e-scape3";
				PRODUCT_NAME = "$(TARGET_NAME)";
				SWIFT_VERSION = 4.0;
				TARGETED_DEVICE_FAMILY = "1,2";
			};
			name = Debug;
		};
		FDA035011FC3468E0041C93B /* Release */ = {
			isa = XCBuildConfiguration;
			buildSettings = {
				ASSETCATALOG_COMPILER_APPICON_NAME = AppIcon;
				CODE_SIGN_STYLE = Automatic;
				INFOPLIST_FILE = "sound(e)scape3/Info.plist";
				LD_RUNPATH_SEARCH_PATHS = "$(inherited) @executable_path/Frameworks";
				PRODUCT_BUNDLE_IDENTIFIER = "obed.sound-e-scape3";
				PRODUCT_NAME = "$(TARGET_NAME)";
				SWIFT_VERSION = 4.0;
				TARGETED_DEVICE_FAMILY = "1,2";
			};
			name = Release;
		};
		FDA035031FC3468E0041C93B /* Debug */ = {
			isa = XCBuildConfiguration;
			buildSettings = {
				ALWAYS_EMBED_SWIFT_STANDARD_LIBRARIES = YES;
				BUNDLE_LOADER = "$(TEST_HOST)";
				CODE_SIGN_STYLE = Automatic;
				INFOPLIST_FILE = "sound(e)scape3Tests/Info.plist";
				LD_RUNPATH_SEARCH_PATHS = "$(inherited) @executable_path/Frameworks @loader_path/Frameworks";
				PRODUCT_BUNDLE_IDENTIFIER = "obed.sound-e-scape3Tests";
				PRODUCT_NAME = "$(TARGET_NAME)";
				SWIFT_VERSION = 4.0;
				TARGETED_DEVICE_FAMILY = "1,2";
				TEST_HOST = "$(BUILT_PRODUCTS_DIR)/sound(e)scape3.app/sound(e)scape3";
			};
			name = Debug;
		};
		FDA035041FC3468E0041C93B /* Release */ = {
			isa = XCBuildConfiguration;
			buildSettings = {
				ALWAYS_EMBED_SWIFT_STANDARD_LIBRARIES = YES;
				BUNDLE_LOADER = "$(TEST_HOST)";
				CODE_SIGN_STYLE = Automatic;
				INFOPLIST_FILE = "sound(e)scape3Tests/Info.plist";
				LD_RUNPATH_SEARCH_PATHS = "$(inherited) @executable_path/Frameworks @loader_path/Frameworks";
				PRODUCT_BUNDLE_IDENTIFIER = "obed.sound-e-scape3Tests";
				PRODUCT_NAME = "$(TARGET_NAME)";
				SWIFT_VERSION = 4.0;
				TARGETED_DEVICE_FAMILY = "1,2";
				TEST_HOST = "$(BUILT_PRODUCTS_DIR)/sound(e)scape3.app/sound(e)scape3";
			};
			name = Release;
		};
		FDA035061FC3468E0041C93B /* Debug */ = {
			isa = XCBuildConfiguration;
			buildSettings = {
				ALWAYS_EMBED_SWIFT_STANDARD_LIBRARIES = YES;
				CODE_SIGN_STYLE = Automatic;
				INFOPLIST_FILE = "sound(e)scape3UITests/Info.plist";
				LD_RUNPATH_SEARCH_PATHS = "$(inherited) @executable_path/Frameworks @loader_path/Frameworks";
				PRODUCT_BUNDLE_IDENTIFIER = "obed.sound-e-scape3UITests";
				PRODUCT_NAME = "$(TARGET_NAME)";
				SWIFT_VERSION = 4.0;
				TARGETED_DEVICE_FAMILY = "1,2";
				TEST_TARGET_NAME = "sound(e)scape3";
			};
			name = Debug;
		};
		FDA035071FC3468E0041C93B /* Release */ = {
			isa = XCBuildConfiguration;
			buildSettings = {
				ALWAYS_EMBED_SWIFT_STANDARD_LIBRARIES = YES;
				CODE_SIGN_STYLE = Automatic;
				INFOPLIST_FILE = "sound(e)scape3UITests/Info.plist";
				LD_RUNPATH_SEARCH_PATHS = "$(inherited) @executable_path/Frameworks @loader_path/Frameworks";
				PRODUCT_BUNDLE_IDENTIFIER = "obed.sound-e-scape3UITests";
				PRODUCT_NAME = "$(TARGET_NAME)";
				SWIFT_VERSION = 4.0;
				TARGETED_DEVICE_FAMILY = "1,2";
				TEST_TARGET_NAME = "sound(e)scape3";
			};
			name = Release;
		};
/* End XCBuildConfiguration section */

/* Begin XCConfigurationList section */
		FDA034CF1FC3468E0041C93B /* Build configuration list for PBXProject "sound(e)scape3" */ = {
			isa = XCConfigurationList;
			buildConfigurations = (
				FDA034FD1FC3468E0041C93B /* Debug */,
				FDA034FE1FC3468E0041C93B /* Release */,
			);
			defaultConfigurationIsVisible = 0;
			defaultConfigurationName = Release;
		};
		FDA034FF1FC3468E0041C93B /* Build configuration list for PBXNativeTarget "sound(e)scape3" */ = {
			isa = XCConfigurationList;
			buildConfigurations = (
				FDA035001FC3468E0041C93B /* Debug */,
				FDA035011FC3468E0041C93B /* Release */,
			);
			defaultConfigurationIsVisible = 0;
			defaultConfigurationName = Release;
		};
		FDA035021FC3468E0041C93B /* Build configuration list for PBXNativeTarget "sound(e)scape3Tests" */ = {
			isa = XCConfigurationList;
			buildConfigurations = (
				FDA035031FC3468E0041C93B /* Debug */,
				FDA035041FC3468E0041C93B /* Release */,
			);
			defaultConfigurationIsVisible = 0;
			defaultConfigurationName = Release;
		};
		FDA035051FC3468E0041C93B /* Build configuration list for PBXNativeTarget "sound(e)scape3UITests" */ = {
			isa = XCConfigurationList;
			buildConfigurations = (
				FDA035061FC3468E0041C93B /* Debug */,
				FDA035071FC3468E0041C93B /* Release */,
			);
			defaultConfigurationIsVisible = 0;
			defaultConfigurationName = Release;
		};
/* End XCConfigurationList section */

/* Begin XCVersionGroup section */
		FDA034DE1FC3468E0041C93B /* sound_e_scape3.xcdatamodeld */ = {
			isa = XCVersionGroup;
			children = (
				FDA034DF1FC3468E0041C93B /* sound_e_scape3.xcdatamodel */,
			);
			currentVersion = FDA034DF1FC3468E0041C93B /* sound_e_scape3.xcdatamodel */;
			path = sound_e_scape3.xcdatamodeld;
			sourceTree = "<group>";
			versionGroupType = wrapper.xcdatamodel;
		};
/* End XCVersionGroup section */
	};
	rootObject = FDA034CC1FC3468E0041C93B /* Project object */;
}
